
Microsoft Visual Studio Solution File, Format Version 12.00
# Visual Studio 15
VisualStudioVersion = 15.0.28307.1259
MinimumVisualStudioVersion = 10.0.40219.1
Project("{8BC9CEB8-8B4A-11D0-8D11-00A0C91BC942}") = "210CT_Assignments", "210CT_Assignments\210CT_Assignments.vcxproj", "{F60E8950-62FA-41EA-804D-1B32602CA7C3}"
EndProject
Global
	GlobalSection(SolutionConfigurationPlatforms) = preSolution
		Debug|x64 = Debug|x64
		Debug|x86 = Debug|x86
		Release|x64 = Release|x64
		Release|x86 = Release|x86
	EndGlobalSection
	GlobalSection(ProjectConfigurationPlatforms) = postSolution
		{F60E8950-62FA-41EA-804D-1B32602CA7C3}.Debug|x64.ActiveCfg = Debug|x64
		{F60E8950-62FA-41EA-804D-1B32602CA7C3}.Debug|x64.Build.0 = Debug|x64
		{F60E8950-62FA-41EA-804D-1B32602CA7C3}.Debug|x86.ActiveCfg = Debug|Win32
		{F60E8950-62FA-41EA-804D-1B32602CA7C3}.Debug|x86.Build.0 = Debug|Win32
		{F60E8950-62FA-41EA-804D-1B32602CA7C3}.Release|x64.ActiveCfg = Release|x64
		{F60E8950-62FA-41EA-804D-1B32602CA7C3}.Release|x64.Build.0 = Release|x64
		{F60E8950-62FA-41EA-804D-1B32602CA7C3}.Release|x86.ActiveCfg = Release|Win32
		{F60E8950-62FA-41EA-804D-1B32602CA7C3}.Release|x86.Build.0 = Release|Win32
	EndGlobalSection
	GlobalSection(SolutionProperties) = preSolution
		HideSolutionNode = FALSE
	EndGlobalSection
	GlobalSection(ExtensibilityGlobals) = postSolution
		SolutionGuid = {E4CF8552-1DE5-45D3-B5CF-92F2A70D4432}
	EndGlobalSection
EndGlobal
